<?xml version="1.0" encoding="utf-8"?>
<Project ToolsVersion="4.0" xmlns="http://schemas.microsoft.com/developer/msbuild/2003">
  <ItemGroup>
    <Filter Include="Common">
      <UniqueIdentifier>c0559ae9-2d1d-491b-ba10-6e2605b7bf17</UniqueIdentifier>
    </Filter>
    <Filter Include="Assets">
      <UniqueIdentifier>ebebb1e8-0137-4211-9815-5f8df8e6909e</UniqueIdentifier>
      <Extensions>ico;cur;bmp;dds;dlg;fbx;rct;bin;rgs;gif;jpg;jpeg;jpe;resx;tga;tiff;tif;png;wav;mfcribbon-ms</Extensions>
    </Filter>
    <Filter Include="GameObjects">
      <UniqueIdentifier>{85494339-d3a0-4aab-8b45-f7e22cfda08d}</UniqueIdentifier>
    </Filter>
    <Filter Include="GameObjects\2D">
      <UniqueIdentifier>{3851f7ce-c669-4c10-955a-e2aee4abf106}</UniqueIdentifier>
    </Filter>
    <Filter Include="GameObjects\3D">
      <UniqueIdentifier>{6246de82-1015-4c3a-b8ad-f54b02ec128e}</UniqueIdentifier>
    </Filter>
    <Filter Include="GameObjects\2D\Headers">
      <UniqueIdentifier>{bd593a7f-51ac-44ea-b3f9-f5ff331d7b53}</UniqueIdentifier>
    </Filter>
    <Filter Include="GameObjects\2D\Source">
      <UniqueIdentifier>{7ad75a1f-e82c-4369-a4ed-92ab6af974da}</UniqueIdentifier>
    </Filter>
    <Filter Include="GameObjects\3D\Headers">
      <UniqueIdentifier>{d5f5b073-7c5e-49a4-afa1-5af581eda6e2}</UniqueIdentifier>
    </Filter>
    <Filter Include="GameObjects\3D\Source">
      <UniqueIdentifier>{32b089ec-d6eb-4d4b-8588-e1678ceb5426}</UniqueIdentifier>
    </Filter>
    <Filter Include="GameObjects\Sounds">
      <UniqueIdentifier>{58dab2df-41ab-41d7-a757-ee03d066c55c}</UniqueIdentifier>
    </Filter>
    <Filter Include="GameObjects\Sounds\Headers">
      <UniqueIdentifier>{476e8f58-4862-4ba4-8b81-b98f94a7b80f}</UniqueIdentifier>
    </Filter>
    <Filter Include="GameObjects\Sounds\Source">
      <UniqueIdentifier>{961e8af5-86df-4189-a3b7-f30efdac3ab3}</UniqueIdentifier>
    </Filter>
    <Filter Include="Game Base">
      <UniqueIdentifier>{b4a4bf75-3cb8-4a7b-9b5e-db4ff132aba2}</UniqueIdentifier>
    </Filter>
    <Filter Include="Game Base\Headers">
      <UniqueIdentifier>{6cc53fe2-9597-4029-87e9-f973aa967c6c}</UniqueIdentifier>
    </Filter>
    <Filter Include="Game Base\Source">
      <UniqueIdentifier>{c6145a56-6b6a-4cdf-aecf-c59fe5db8df0}</UniqueIdentifier>
    </Filter>
    <Filter Include="Game Base\Headers\SceneManager">
      <UniqueIdentifier>{3a6e5c2a-ae3b-4104-a720-0c21ff01b345}</UniqueIdentifier>
    </Filter>
    <Filter Include="Game Base\Headers\SceneManager\Scenes">
      <UniqueIdentifier>{2325faa3-3964-4e29-a5d7-63763d9e8919}</UniqueIdentifier>
    </Filter>
    <Filter Include="Game Base\Source\SceneManager">
      <UniqueIdentifier>{494fa280-950e-4fb3-af81-e314779db48b}</UniqueIdentifier>
    </Filter>
    <Filter Include="Game Base\Source\SceneManager\Scene">
      <UniqueIdentifier>{e31713e5-b009-4bf8-a450-d6e56ce4ffb3}</UniqueIdentifier>
    </Filter>
    <Filter Include="Game Base\Source\AudioManager">
      <UniqueIdentifier>{395af9bb-a958-4035-8c10-1c18365e4882}</UniqueIdentifier>
    </Filter>
    <Filter Include="Game Base\Headers\AudioManager">
      <UniqueIdentifier>{1909651a-4601-4cdc-a2c0-92bad533d37a}</UniqueIdentifier>
    </Filter>
    <Filter Include="Game Base\Headers\ParticleSystem">
      <UniqueIdentifier>{c33f2063-eb01-4e46-b6ba-4882a2c188db}</UniqueIdentifier>
    </Filter>
    <Filter Include="Game Base\Source\ParticleSystem">
      <UniqueIdentifier>{d8c5edb6-6852-48b7-a4bd-dd544d98fea3}</UniqueIdentifier>
    </Filter>
    <Filter Include="Game Base\Headers\File">
      <UniqueIdentifier>{3b97fbee-64c1-4404-813e-485494a3bc98}</UniqueIdentifier>
    </Filter>
    <Filter Include="Game Base\Source\File">
      <UniqueIdentifier>{789b17d7-5f14-449e-92f4-d84852141c8b}</UniqueIdentifier>
    </Filter>
    <Filter Include="Game Base\Headers\ParticleSystem\Particle Files">
      <UniqueIdentifier>{fd922940-d7ba-4963-a139-6ef31f79d22a}</UniqueIdentifier>
    </Filter>
    <Filter Include="Game Base\Headers\Collision">
      <UniqueIdentifier>{9b6aeed1-2d88-426a-ab31-57058595ee95}</UniqueIdentifier>
    </Filter>
    <Filter Include="Game Base\Source\Collision">
      <UniqueIdentifier>{2b226947-42f0-40f2-af72-985d026d4c9f}</UniqueIdentifier>
    </Filter>
    <Filter Include="GameObjects\2D\Headers\Image">
      <UniqueIdentifier>{8ee8ac39-81d5-4008-9a27-71a4cb92a200}</UniqueIdentifier>
    </Filter>
    <Filter Include="GameObjects\2D\Headers\UI">
      <UniqueIdentifier>{150c14ad-8119-45ba-97a4-f34e7b2e3377}</UniqueIdentifier>
    </Filter>
    <Filter Include="GameObjects\2D\Headers\Player">
      <UniqueIdentifier>{e773e571-7204-4192-ab39-0bf3ab5090c1}</UniqueIdentifier>
    </Filter>
    <Filter Include="GameObjects\2D\Source\Image">
      <UniqueIdentifier>{2ba2d1cf-d1ff-43dc-aaa3-2e196032f30a}</UniqueIdentifier>
    </Filter>
    <Filter Include="GameObjects\2D\Source\Player">
      <UniqueIdentifier>{27a8f9ad-ba9f-455f-91fc-74ac15be03b4}</UniqueIdentifier>
    </Filter>
    <Filter Include="GameObjects\2D\Source\UI">
      <UniqueIdentifier>{4912e573-9f13-41e4-96c6-a5008b2943be}</UniqueIdentifier>
    </Filter>
    <Filter Include="Game Base\Source\Camera">
      <UniqueIdentifier>{38f649cd-ba15-4342-a3b1-8b4251298471}</UniqueIdentifier>
    </Filter>
    <Filter Include="Game Base\Headers\Camera">
      <UniqueIdentifier>{555ebfdd-6297-4016-8378-010871ff8f1a}</UniqueIdentifier>
    </Filter>
  </ItemGroup>
  <ItemGroup>
    <ClInclude Include="StepTimer.h">
      <Filter>Common</Filter>
    </ClInclude>
    <ClInclude Include="d3dx12.h">
      <Filter>Common</Filter>
    </ClInclude>
    <ClInclude Include="GameObjectList.h">
      <Filter>GameObjects</Filter>
    </ClInclude>
    <ClInclude Include="GameObject2D.h">
      <Filter>GameObjects\2D\Headers</Filter>
    </ClInclude>
    <ClInclude Include="Text2D.h">
      <Filter>GameObjects\2D\Headers</Filter>
    </ClInclude>
    <ClInclude Include="GameObject3D.h">
      <Filter>GameObjects\3D\Headers</Filter>
    </ClInclude>
    <ClInclude Include="PBGO3D.h">
      <Filter>GameObjects\3D\Headers</Filter>
    </ClInclude>
    <ClInclude Include="Camera.h">
      <Filter>GameObjects\3D\Headers</Filter>
    </ClInclude>
    <ClInclude Include="TestPBGO3D.h">
      <Filter>GameObjects\3D\Headers</Filter>
    </ClInclude>
    <ClInclude Include="GPGO3D.h">
      <Filter>GameObjects\3D\Headers</Filter>
    </ClInclude>
    <ClInclude Include="SDKMeshGO3D.h">
      <Filter>GameObjects\3D\Headers</Filter>
    </ClInclude>
    <ClInclude Include="Sound.h">
      <Filter>GameObjects\Sounds\Headers</Filter>
    </ClInclude>
    <ClInclude Include="Loop.h">
      <Filter>GameObjects\Sounds\Headers</Filter>
    </ClInclude>
    <ClInclude Include="Game.h">
      <Filter>Game Base\Headers</Filter>
    </ClInclude>
    <ClInclude Include="GameStateData.h">
      <Filter>Game Base\Headers</Filter>
    </ClInclude>
    <ClInclude Include="RenderData.h">
      <Filter>Game Base\Headers</Filter>
    </ClInclude>
    <ClInclude Include="pch.h">
      <Filter>Game Base\Headers</Filter>
    </ClInclude>
    <ClInclude Include="SoundEffects.h">
      <Filter>GameObjects\Sounds\Headers</Filter>
    </ClInclude>
    <ClInclude Include="Debug.h">
      <Filter>Game Base\Headers</Filter>
    </ClInclude>
    <ClInclude Include="CharacterSelectScene.h">
      <Filter>Game Base\Headers\SceneManager\Scenes</Filter>
    </ClInclude>
    <ClInclude Include="ArenaSelectScene.h">
      <Filter>Game Base\Headers\SceneManager\Scenes</Filter>
    </ClInclude>
    <ClInclude Include="SettingsScene.h">
      <Filter>Game Base\Headers\SceneManager\Scenes</Filter>
    </ClInclude>
    <ClInclude Include="GameOverScene.h">
      <Filter>Game Base\Headers\SceneManager\Scenes</Filter>
    </ClInclude>
    <ClInclude Include="GameScene.h">
      <Filter>Game Base\Headers\SceneManager\Scenes</Filter>
    </ClInclude>
    <ClInclude Include="MenuScene.h">
      <Filter>Game Base\Headers\SceneManager\Scenes</Filter>
    </ClInclude>
    <ClInclude Include="SceneManager.h">
      <Filter>Game Base\Headers\SceneManager</Filter>
    </ClInclude>
    <ClInclude Include="Scene.h">
      <Filter>Game Base\Headers\SceneManager</Filter>
    </ClInclude>
    <ClInclude Include="AudioManager.h">
      <Filter>Game Base\Headers\AudioManager</Filter>
    </ClInclude>
    <ClInclude Include="ParticleSystem.h">
      <Filter>Game Base\Headers\ParticleSystem</Filter>
    </ClInclude>
    <ClInclude Include="Particle.h">
      <Filter>Game Base\Headers\ParticleSystem</Filter>
    </ClInclude>
    <ClInclude Include="File.h">
      <Filter>Game Base\Headers\File</Filter>
    </ClInclude>
    <ClInclude Include="LevelFile.h">
      <Filter>Game Base\Headers\File</Filter>
    </ClInclude>
    <ClInclude Include="ParticleFile.h">
      <Filter>Game Base\Headers\File</Filter>
    </ClInclude>
    <ClInclude Include="CollisionSystem.h">
      <Filter>Game Base\Headers</Filter>
    </ClInclude>
    <ClInclude Include="Emitter.h">
      <Filter>Game Base\Headers\ParticleSystem</Filter>
    </ClInclude>
    <ClInclude Include="CollisionSystem.h">
      <Filter>Game Base\Headers\Collision</Filter>
    </ClInclude>
    <ClInclude Include="LevelEditorScene.h">
      <Filter>Game Base\Headers\SceneManager\Scenes</Filter>
    </ClInclude>
    <ClInclude Include="ImageGO2D.h">
      <Filter>GameObjects\2D\Headers\Image</Filter>
    </ClInclude>
    <ClInclude Include="UserInterface2D.h">
      <Filter>GameObjects\2D\Headers\UI</Filter>
    </ClInclude>
    <ClInclude Include="PlayerTags.h">
      <Filter>GameObjects\2D\Headers\UI</Filter>
    </ClInclude>
    <ClInclude Include="Physics2D.h">
      <Filter>GameObjects\2D\Headers\Player</Filter>
    </ClInclude>
    <ClInclude Include="Animation2D.h">
      <Filter>GameObjects\2D\Headers\Player</Filter>
    </ClInclude>
    <ClInclude Include="Player2D.h">
      <Filter>GameObjects\2D\Headers\Player</Filter>
    </ClInclude>
    <ClInclude Include="ImageBuffer.h">
      <Filter>GameObjects\2D\Headers\Image</Filter>
    </ClInclude>
    <ClInclude Include="Input.h">
      <Filter>Game Base\Headers</Filter>
    </ClInclude>
    <ClInclude Include="GameCamera.h">
      <Filter>Game Base\Headers\Camera</Filter>
    </ClInclude>
  </ItemGroup>
  <ItemGroup>
    <ClCompile Include="GameObject2D.cpp">
      <Filter>GameObjects\2D\Source</Filter>
    </ClCompile>
    <ClCompile Include="Text2D.cpp">
      <Filter>GameObjects\2D\Source</Filter>
    </ClCompile>
    <ClCompile Include="GameObject3D.cpp">
      <Filter>GameObjects\3D\Source</Filter>
    </ClCompile>
    <ClCompile Include="PBGO3D.cpp">
      <Filter>GameObjects\3D\Source</Filter>
    </ClCompile>
    <ClCompile Include="Camera.cpp">
      <Filter>GameObjects\3D\Source</Filter>
    </ClCompile>
    <ClCompile Include="TestPBGO3D.cpp">
      <Filter>GameObjects\3D\Source</Filter>
    </ClCompile>
    <ClCompile Include="GPGO3D.cpp">
      <Filter>GameObjects\3D\Source</Filter>
    </ClCompile>
    <ClCompile Include="SDKMeshGO3D.cpp">
      <Filter>GameObjects\3D\Source</Filter>
    </ClCompile>
    <ClCompile Include="Sound.cpp">
      <Filter>GameObjects\Sounds\Source</Filter>
    </ClCompile>
    <ClCompile Include="Loop.cpp">
      <Filter>GameObjects\Sounds\Source</Filter>
    </ClCompile>
    <ClCompile Include="Game.cpp">
      <Filter>Game Base\Source</Filter>
    </ClCompile>
    <ClCompile Include="Main.cpp">
      <Filter>Game Base\Source</Filter>
    </ClCompile>
    <ClCompile Include="pch.cpp">
      <Filter>Game Base\Source</Filter>
    </ClCompile>
    <ClCompile Include="GameStateData.cpp">
      <Filter>Game Base\Source</Filter>
    </ClCompile>
    <ClCompile Include="SoundEffects.cpp">
      <Filter>GameObjects\Sounds\Source</Filter>
    </ClCompile>
    <ClCompile Include="Debug.cpp">
      <Filter>Game Base\Source</Filter>
    </ClCompile>
    <ClCompile Include="ArenaSelectScene.cpp">
      <Filter>Game Base\Source\SceneManager\Scene</Filter>
    </ClCompile>
    <ClCompile Include="CharacterSelectScene.cpp">
      <Filter>Game Base\Source\SceneManager\Scene</Filter>
    </ClCompile>
    <ClCompile Include="GameOverScene.cpp">
      <Filter>Game Base\Source\SceneManager\Scene</Filter>
    </ClCompile>
    <ClCompile Include="GameScene.cpp">
      <Filter>Game Base\Source\SceneManager\Scene</Filter>
    </ClCompile>
    <ClCompile Include="MenuScene.cpp">
      <Filter>Game Base\Source\SceneManager\Scene</Filter>
    </ClCompile>
    <ClCompile Include="Scene.cpp">
      <Filter>Game Base\Source\SceneManager</Filter>
    </ClCompile>
    <ClCompile Include="SettingsScene.cpp">
      <Filter>Game Base\Source\SceneManager\Scene</Filter>
    </ClCompile>
    <ClCompile Include="SceneManager.cpp">
      <Filter>Game Base\Source\SceneManager</Filter>
    </ClCompile>
    <ClCompile Include="AudioManager.cpp">
      <Filter>Game Base\Source\AudioManager</Filter>
    </ClCompile>
    <ClCompile Include="Particle.cpp">
      <Filter>Game Base\Source\ParticleSystem</Filter>
    </ClCompile>
    <ClCompile Include="File.cpp">
      <Filter>Game Base\Source\File</Filter>
    </ClCompile>
    <ClCompile Include="LevelFile.cpp">
      <Filter>Game Base\Source\File</Filter>
    </ClCompile>
    <ClCompile Include="ParticleFile.cpp">
      <Filter>Game Base\Source\File</Filter>
    </ClCompile>
    <ClCompile Include="ParticleSystem.cpp">
      <Filter>Game Base\Source\ParticleSystem</Filter>
    </ClCompile>
    <ClCompile Include="CollisionSystem.cpp">
      <Filter>Game Base\Source</Filter>
    </ClCompile>
    <ClCompile Include="Emitter.cpp">
      <Filter>Game Base\Source\ParticleSystem</Filter>
    </ClCompile>
    <ClCompile Include="CollisionSystem.cpp">
      <Filter>Game Base\Source\Collision</Filter>
    </ClCompile>
    <ClCompile Include="LevelEditorScene.cpp">
      <Filter>Game Base\Source\SceneManager\Scene</Filter>
    </ClCompile>
    <ClCompile Include="ImageBuffer.cpp" />
    <ClCompile Include="Input.cpp" />
    <ClCompile Include="Animation2D.cpp">
      <Filter>GameObjects\2D\Source\Player</Filter>
    </ClCompile>
    <ClCompile Include="ImageBuffer.cpp">
      <Filter>GameObjects\2D\Source\Image</Filter>
    </ClCompile>
    <ClCompile Include="ImageGO2D.cpp">
      <Filter>GameObjects\2D\Source\Image</Filter>
    </ClCompile>
    <ClCompile Include="PlayerTags.cpp">
      <Filter>GameObjects\2D\Source\UI</Filter>
    </ClCompile>
    <ClCompile Include="UserInterface2D.cpp">
      <Filter>GameObjects\2D\Source\UI</Filter>
    </ClCompile>
    <ClCompile Include="Player2D.cpp">
      <Filter>GameObjects\2D\Source\Player</Filter>
    </ClCompile>
    <ClCompile Include="Physics2D.cpp">
      <Filter>GameObjects\2D\Source\Player</Filter>
    </ClCompile>
    <ClCompile Include="GameCamera.cpp">
      <Filter>Game Base\Source\Camera</Filter>
    </ClCompile>
  </ItemGroup>
  <ItemGroup>
    <ResourceCompile Include="resource.rc" />
  </ItemGroup>
  <ItemGroup>
    <Image Include="directx.ico">
      <Filter>Assets</Filter>
    </Image>
    <Image Include="..\Images\Quit_Button.png">
      <Filter>Assets</Filter>
    </Image>
    <Image Include="..\Images\Settings_Button.png">
      <Filter>Assets</Filter>
    </Image>
  </ItemGroup>
  <ItemGroup>
    <Manifest Include="settings.manifest">
      <Filter>Assets</Filter>
    </Manifest>
  </ItemGroup>
  <ItemGroup>
    <None Include="hit.particle">
      <Filter>Game Base\Headers\ParticleSystem\Particle Files</Filter>
    </None>
    <None Include="upwards_punch.particle">
      <Filter>Game Base\Headers\ParticleSystem\Particle Files</Filter>
    </None>
    <None Include="attack.particle">
      <Filter>Game Base\Headers\ParticleSystem\Particle Files</Filter>
    </None>
  </ItemGroup>
  <ItemGroup>
    <Text Include="Levels.txt">
      <Filter>Game Base\Headers\SceneManager\Scenes</Filter>
    </Text>
  </ItemGroup>
</Project>