<?xml version="1.0" encoding="utf-8"?>
<Project ToolsVersion="4.0" xmlns="http://schemas.microsoft.com/developer/msbuild/2003">
  <ItemGroup>
    <ImageContentTask Include="guides_logo.png" />
    <ImageContentTask Include="twist.png" />
    <ImageContentTask Include="gens.png" />
    <ImageContentTask Include="Start_Game_Button.png" />
    <ImageContentTask Include="Settings_Button.png" />
    <ImageContentTask Include="Quit_Button.png" />
    <ImageContentTask Include="Buttons.png" />
    <ImageContentTask Include="mario_sprite_batch.png" />
    <ImageContentTask Include="Main_Menu_Button.png" />
    <ImageContentTask Include="platform.png" />
    <ImageContentTask Include="gens2.png" />
  </ItemGroup>
  <ItemGroup>
    <Text Include="READ_ME.txt" />
  </ItemGroup>
</Project>