<?xml version="1.0" encoding="utf-8"?>
<Project ToolsVersion="4.0" xmlns="http://schemas.microsoft.com/developer/msbuild/2003">
  <ItemGroup>
    <ImageContentTask Include="Character Sprites\mario_sprite_batch_coloured.png">
      <Filter>Character Sprites</Filter>
    </ImageContentTask>
    <ImageContentTask Include="Character Sprites\mario_sprite_batch_0.png">
      <Filter>Character Sprites</Filter>
    </ImageContentTask>
    <ImageContentTask Include="Character Sprites\mario_sprite_batch_1.png">
      <Filter>Character Sprites</Filter>
    </ImageContentTask>
    <ImageContentTask Include="Character Sprites\mario_sprite_batch_2.png">
      <Filter>Character Sprites</Filter>
    </ImageContentTask>
    <ImageContentTask Include="Character Sprites\mario_sprite_batch_3.png">
      <Filter>Character Sprites</Filter>
    </ImageContentTask>
    <ImageContentTask Include="Character Sprites\kirby_sprite_batch_0.png">
      <Filter>Character Sprites</Filter>
    </ImageContentTask>
    <ImageContentTask Include="Character Sprites\kirby_sprite_batch_1.png">
      <Filter>Character Sprites</Filter>
    </ImageContentTask>
    <ImageContentTask Include="Character Sprites\kirby_sprite_batch_2.png">
      <Filter>Character Sprites</Filter>
    </ImageContentTask>
    <ImageContentTask Include="Character Sprites\kirby_sprite_batch_3.png">
      <Filter>Character Sprites</Filter>
    </ImageContentTask>
    <ImageContentTask Include="Scenes\platform_side.png" />
    <ImageContentTask Include="Scenes\platform.png" />
    <ImageContentTask Include="Scenes\platform_large.png" />
    <ImageContentTask Include="Character Sprites\UI_Character_Sprites\mario_sprite.png">
      <Filter>Character Sprites</Filter>
    </ImageContentTask>
    <ImageContentTask Include="Character Sprites\UI_Character_Sprites\kirby_sprite.png">
      <Filter>Character Sprites</Filter>
    </ImageContentTask>
    <ImageContentTask Include="Character Sprites\UI_Character_Sprites\ghost_kirby_sprite.png">
      <Filter>Character Sprites</Filter>
    </ImageContentTask>
    <ImageContentTask Include="Character Sprites\ghost_kirby_sprite_batch_0.png">
      <Filter>Character Sprites</Filter>
    </ImageContentTask>
    <ImageContentTask Include="Character Sprites\ghost_kirby_sprite_batch_1.png">
      <Filter>Character Sprites</Filter>
    </ImageContentTask>
    <ImageContentTask Include="Character Sprites\ghost_kirby_sprite_batch_2.png">
      <Filter>Character Sprites</Filter>
    </ImageContentTask>
    <ImageContentTask Include="Character Sprites\ghost_kirby_sprite_batch_3.png">
      <Filter>Character Sprites</Filter>
    </ImageContentTask>
    <ImageContentTask Include="Background\blackground_1.png" />
    <ImageContentTask Include="Background\background_2.jpg" />
    <ImageContentTask Include="Menu\Arrow.png" />
    <ImageContentTask Include="Menu\Buttons.png" />
    <ImageContentTask Include="Menu\lives.png" />
    <ImageContentTask Include="Menu\PlayerPreviewBoxes.png" />
    <ImageContentTask Include="Menu\Logo.png" />
    <ImageContentTask Include="Menu\Arena Selection.png" />
    <ImageContentTask Include="Menu\numbers.png">
      <Filter>Menu</Filter>
    </ImageContentTask>
    <ImageContentTask Include="Menu\Player wins.png">
      <Filter>Menu</Filter>
    </ImageContentTask>
  </ItemGroup>
  <ItemGroup>
    <Text Include="READ_ME.txt" />
  </ItemGroup>
  <ItemGroup>
    <Filter Include="Character Sprites">
      <UniqueIdentifier>{0f67ae62-bf43-4997-9823-44e178a25f93}</UniqueIdentifier>
    </Filter>
    <Filter Include="Menu">
      <UniqueIdentifier>{d35873c1-67be-4a23-b0f4-477d800a71ce}</UniqueIdentifier>
    </Filter>
  </ItemGroup>
</Project>